
Microsoft Visual Studio Solution File, Format Version 12.00
# Visual Studio 15
VisualStudioVersion = 15.0.27703.2018
MinimumVisualStudioVersion = 10.0.40219.1
Project("{FAE04EC0-301F-11D3-BF4B-00C04F79EFBC}") = "ProjetoPokemon", "ProjetoPokemon\ProjetoPokemon.csproj", "{4E21B39B-ED94-4FFF-A80B-3A85C3DBFD4D}"
EndProject
Global
	GlobalSection(SolutionConfigurationPlatforms) = preSolution
		Debug|Any CPU = Debug|Any CPU
		Release|Any CPU = Release|Any CPU
	EndGlobalSection
	GlobalSection(ProjectConfigurationPlatforms) = postSolution
		{4E21B39B-ED94-4FFF-A80B-3A85C3DBFD4D}.Debug|Any CPU.ActiveCfg = Debug|Any CPU
		{4E21B39B-ED94-4FFF-A80B-3A85C3DBFD4D}.Debug|Any CPU.Build.0 = Debug|Any CPU
		{4E21B39B-ED94-4FFF-A80B-3A85C3DBFD4D}.Release|Any CPU.ActiveCfg = Release|Any CPU
		{4E21B39B-ED94-4FFF-A80B-3A85C3DBFD4D}.Release|Any CPU.Build.0 = Release|Any CPU
	EndGlobalSection
	GlobalSection(SolutionProperties) = preSolution
		HideSolutionNode = FALSE
	EndGlobalSection
	GlobalSection(ExtensibilityGlobals) = postSolution
		SolutionGuid = {58C3B1ED-FBDC-494A-B71D-C49422DBC8EE}
	EndGlobalSection
EndGlobal
